
Microsoft Visual Studio Solution File, Format Version 12.00
# Visual Studio Version 17
VisualStudioVersion = 17.8.34330.188
MinimumVisualStudioVersion = 10.0.40219.1
Project("{FAE04EC0-301F-11D3-BF4B-00C04F79EFBC}") = "APIWebApplication", "APIWebApplication.csproj", "{82908D11-DFDB-4C6E-A049-95CC4CC3191B}"
EndProject
Global
	GlobalSection(SolutionConfigurationPlatforms) = preSolution
		Debug|Any CPU = Debug|Any CPU
		Release|Any CPU = Release|Any CPU
	EndGlobalSection
	GlobalSection(ProjectConfigurationPlatforms) = postSolution
		{82908D11-DFDB-4C6E-A049-95CC4CC3191B}.Debug|Any CPU.ActiveCfg = Debug|Any CPU
		{82908D11-DFDB-4C6E-A049-95CC4CC3191B}.Debug|Any CPU.Build.0 = Debug|Any CPU
		{82908D11-DFDB-4C6E-A049-95CC4CC3191B}.Release|Any CPU.ActiveCfg = Release|Any CPU
		{82908D11-DFDB-4C6E-A049-95CC4CC3191B}.Release|Any CPU.Build.0 = Release|Any CPU
	EndGlobalSection
	GlobalSection(SolutionProperties) = preSolution
		HideSolutionNode = FALSE
	EndGlobalSection
	GlobalSection(ExtensibilityGlobals) = postSolution
		SolutionGuid = {9099C7EA-2F28-4DD5-9775-99F982E9642F}
	EndGlobalSection
EndGlobal
